
Microsoft Visual Studio Solution File, Format Version 12.00
# Visual Studio 15
VisualStudioVersion = 15.0.27428.2027
MinimumVisualStudioVersion = 10.0.40219.1
Project("{2150E333-8FDC-42A3-9474-1A3956D46DE8}") = "src", "src", "{7502EAE7-A485-4AEA-9949-17731ECFE183}"
EndProject
Project("{9A19103F-16F7-4668-BE54-9A1E7A4F7556}") = "BinaryMapper.Core", "src\BinaryMapper.Core\BinaryMapper.Core.csproj", "{DBDF4F0C-B771-49FB-9F05-31BA1908A9EA}"
EndProject
Project("{2150E333-8FDC-42A3-9474-1A3956D46DE8}") = "tests", "tests", "{97382EDE-3799-41E4-9C94-5BD81C2ED3A6}"
EndProject
Project("{2150E333-8FDC-42A3-9474-1A3956D46DE8}") = "misc", "misc", "{AEAD819B-1DB4-4BBD-B2C4-91C1BB65C826}"
EndProject
Project("{9A19103F-16F7-4668-BE54-9A1E7A4F7556}") = "BinaryMapper.Tester", "misc\BinaryMapper.Tester\BinaryMapper.Tester.csproj", "{E1F35017-D4EA-4587-B6E5-4825331BC5C7}"
EndProject
Project("{2150E333-8FDC-42A3-9474-1A3956D46DE8}") = "Windows", "Windows", "{2BEFF08A-FE3E-4E9F-8F5D-EED8B0499BF6}"
EndProject
Project("{9A19103F-16F7-4668-BE54-9A1E7A4F7556}") = "BinaryMapper.Windows.Minidump", "src\BinaryMapper.Windows.Minidump\BinaryMapper.Windows.Minidump.csproj", "{B4A9A36E-27B1-45E4-86E7-967DAE95846C}"
EndProject
Project("{9A19103F-16F7-4668-BE54-9A1E7A4F7556}") = "BinaryMapper.Windows.Executable", "src\BinaryMapper.Windows.Executable\BinaryMapper.Windows.Executable.csproj", "{C2FC24D8-2BBB-49DA-8B09-F0DCC8228C6F}"
EndProject
Project("{9A19103F-16F7-4668-BE54-9A1E7A4F7556}") = "BinaryMapper.Tests", "tests\BinaryMapper.Tests\BinaryMapper.Tests.csproj", "{97A526CA-F3D1-4AB0-A65B-F41B84EC9B4B}"
EndProject
Global
	GlobalSection(SolutionConfigurationPlatforms) = preSolution
		Debug|Any CPU = Debug|Any CPU
		Release|Any CPU = Release|Any CPU
	EndGlobalSection
	GlobalSection(ProjectConfigurationPlatforms) = postSolution
		{DBDF4F0C-B771-49FB-9F05-31BA1908A9EA}.Debug|Any CPU.ActiveCfg = Debug|Any CPU
		{DBDF4F0C-B771-49FB-9F05-31BA1908A9EA}.Debug|Any CPU.Build.0 = Debug|Any CPU
		{DBDF4F0C-B771-49FB-9F05-31BA1908A9EA}.Release|Any CPU.ActiveCfg = Release|Any CPU
		{DBDF4F0C-B771-49FB-9F05-31BA1908A9EA}.Release|Any CPU.Build.0 = Release|Any CPU
		{E1F35017-D4EA-4587-B6E5-4825331BC5C7}.Debug|Any CPU.ActiveCfg = Debug|Any CPU
		{E1F35017-D4EA-4587-B6E5-4825331BC5C7}.Debug|Any CPU.Build.0 = Debug|Any CPU
		{E1F35017-D4EA-4587-B6E5-4825331BC5C7}.Release|Any CPU.ActiveCfg = Release|Any CPU
		{E1F35017-D4EA-4587-B6E5-4825331BC5C7}.Release|Any CPU.Build.0 = Release|Any CPU
		{B4A9A36E-27B1-45E4-86E7-967DAE95846C}.Debug|Any CPU.ActiveCfg = Debug|Any CPU
		{B4A9A36E-27B1-45E4-86E7-967DAE95846C}.Debug|Any CPU.Build.0 = Debug|Any CPU
		{B4A9A36E-27B1-45E4-86E7-967DAE95846C}.Release|Any CPU.ActiveCfg = Release|Any CPU
		{B4A9A36E-27B1-45E4-86E7-967DAE95846C}.Release|Any CPU.Build.0 = Release|Any CPU
		{C2FC24D8-2BBB-49DA-8B09-F0DCC8228C6F}.Debug|Any CPU.ActiveCfg = Debug|Any CPU
		{C2FC24D8-2BBB-49DA-8B09-F0DCC8228C6F}.Debug|Any CPU.Build.0 = Debug|Any CPU
		{C2FC24D8-2BBB-49DA-8B09-F0DCC8228C6F}.Release|Any CPU.ActiveCfg = Release|Any CPU
		{C2FC24D8-2BBB-49DA-8B09-F0DCC8228C6F}.Release|Any CPU.Build.0 = Release|Any CPU
		{97A526CA-F3D1-4AB0-A65B-F41B84EC9B4B}.Debug|Any CPU.ActiveCfg = Debug|Any CPU
		{97A526CA-F3D1-4AB0-A65B-F41B84EC9B4B}.Debug|Any CPU.Build.0 = Debug|Any CPU
		{97A526CA-F3D1-4AB0-A65B-F41B84EC9B4B}.Release|Any CPU.ActiveCfg = Release|Any CPU
		{97A526CA-F3D1-4AB0-A65B-F41B84EC9B4B}.Release|Any CPU.Build.0 = Release|Any CPU
	EndGlobalSection
	GlobalSection(SolutionProperties) = preSolution
		HideSolutionNode = FALSE
	EndGlobalSection
	GlobalSection(NestedProjects) = preSolution
		{DBDF4F0C-B771-49FB-9F05-31BA1908A9EA} = {7502EAE7-A485-4AEA-9949-17731ECFE183}
		{E1F35017-D4EA-4587-B6E5-4825331BC5C7} = {AEAD819B-1DB4-4BBD-B2C4-91C1BB65C826}
		{2BEFF08A-FE3E-4E9F-8F5D-EED8B0499BF6} = {7502EAE7-A485-4AEA-9949-17731ECFE183}
		{B4A9A36E-27B1-45E4-86E7-967DAE95846C} = {2BEFF08A-FE3E-4E9F-8F5D-EED8B0499BF6}
		{C2FC24D8-2BBB-49DA-8B09-F0DCC8228C6F} = {2BEFF08A-FE3E-4E9F-8F5D-EED8B0499BF6}
		{97A526CA-F3D1-4AB0-A65B-F41B84EC9B4B} = {97382EDE-3799-41E4-9C94-5BD81C2ED3A6}
	EndGlobalSection
	GlobalSection(ExtensibilityGlobals) = postSolution
		SolutionGuid = {E0348A58-5119-425C-8096-0E7063B24833}
	EndGlobalSection
EndGlobal
